// !$*UTF8*$!
{
	archiveVersion = 1;
	classes = {
	};
	objectVersion = 50;
	objects = {

/* Begin PBXBuildFile section */
		0A59613121DA829C0059E75B /* DelayUnit.cpp in Sources */ = {isa = PBXBuildFile; fileRef = 0A59612F21DA829C0059E75B /* DelayUnit.cpp */; };
		0A59613221DA829C0059E75B /* DelayUnit.hpp in Headers */ = {isa = PBXBuildFile; fileRef = 0A59613021DA829C0059E75B /* DelayUnit.hpp */; };
		0A59613421DACCA50059E75B /* Plugin.cpp in Sources */ = {isa = PBXBuildFile; fileRef = 0A59613321DACCA50059E75B /* Plugin.cpp */; };
		0A80269321DAD3DD00E8F46D /* CutoffFilter.cpp in Sources */ = {isa = PBXBuildFile; fileRef = 0A80269121DAD3DD00E8F46D /* CutoffFilter.cpp */; };
		0A80269421DAD3DD00E8F46D /* CutoffFilter.hpp in Headers */ = {isa = PBXBuildFile; fileRef = 0A80269221DAD3DD00E8F46D /* CutoffFilter.hpp */; };
/* End PBXBuildFile section */

/* Begin PBXFileReference section */
		0A59612721DA82500059E75B /* Reverb.dylib */ = {isa = PBXFileReference; explicitFileType = "compiled.mach-o.dylib"; includeInIndex = 0; path = Reverb.dylib; sourceTree = BUILT_PRODUCTS_DIR; };
		0A59612F21DA829C0059E75B /* DelayUnit.cpp */ = {isa = PBXFileReference; lastKnownFileType = sourcecode.cpp.cpp; path = DelayUnit.cpp; sourceTree = "<group>"; };
		0A59613021DA829C0059E75B /* DelayUnit.hpp */ = {isa = PBXFileReference; lastKnownFileType = sourcecode.cpp.h; path = DelayUnit.hpp; sourceTree = "<group>"; };
		0A59613321DACCA50059E75B /* Plugin.cpp */ = {isa = PBXFileReference; lastKnownFileType = sourcecode.cpp.cpp; path = Plugin.cpp; sourceTree = "<group>"; };
		0A80269121DAD3DD00E8F46D /* CutoffFilter.cpp */ = {isa = PBXFileReference; lastKnownFileType = sourcecode.cpp.cpp; path = CutoffFilter.cpp; sourceTree = "<group>"; };
		0A80269221DAD3DD00E8F46D /* CutoffFilter.hpp */ = {isa = PBXFileReference; lastKnownFileType = sourcecode.cpp.h; path = CutoffFilter.hpp; sourceTree = "<group>"; };
/* End PBXFileReference section */

/* Begin PBXFrameworksBuildPhase section */
		0A59612521DA82500059E75B /* Frameworks */ = {
			isa = PBXFrameworksBuildPhase;
			buildActionMask = 2147483647;
			files = (
			);
			runOnlyForDeploymentPostprocessing = 0;
		};
/* End PBXFrameworksBuildPhase section */

/* Begin PBXGroup section */
		0A59611E21DA82500059E75B = {
			isa = PBXGroup;
			children = (
				0A59612E21DA827D0059E75B /* Source */,
				0A59612821DA82500059E75B /* Products */,
			);
			sourceTree = "<group>";
		};
		0A59612821DA82500059E75B /* Products */ = {
			isa = PBXGroup;
			children = (
				0A59612721DA82500059E75B /* Reverb.dylib */,
			);
			name = Products;
			sourceTree = "<group>";
		};
		0A59612E21DA827D0059E75B /* Source */ = {
			isa = PBXGroup;
			children = (
				0A59612F21DA829C0059E75B /* DelayUnit.cpp */,
				0A59613021DA829C0059E75B /* DelayUnit.hpp */,
				0A59613321DACCA50059E75B /* Plugin.cpp */,
				0A80269121DAD3DD00E8F46D /* CutoffFilter.cpp */,
				0A80269221DAD3DD00E8F46D /* CutoffFilter.hpp */,
			);
			path = Source;
			sourceTree = "<group>";
		};
/* End PBXGroup section */

/* Begin PBXHeadersBuildPhase section */
		0A59612321DA82500059E75B /* Headers */ = {
			isa = PBXHeadersBuildPhase;
			buildActionMask = 2147483647;
			files = (
				0A59613221DA829C0059E75B /* DelayUnit.hpp in Headers */,
				0A80269421DAD3DD00E8F46D /* CutoffFilter.hpp in Headers */,
			);
			runOnlyForDeploymentPostprocessing = 0;
		};
/* End PBXHeadersBuildPhase section */

/* Begin PBXNativeTarget section */
		0A59612621DA82500059E75B /* Reverb */ = {
			isa = PBXNativeTarget;
			buildConfigurationList = 0A59612B21DA82500059E75B /* Build configuration list for PBXNativeTarget "Reverb" */;
			buildPhases = (
				0A59612321DA82500059E75B /* Headers */,
				0A59612421DA82500059E75B /* Sources */,
				0A59612521DA82500059E75B /* Frameworks */,
			);
			buildRules = (
			);
			dependencies = (
			);
			name = Reverb;
			productName = Reverb;
			productReference = 0A59612721DA82500059E75B /* Reverb.dylib */;
			productType = "com.apple.product-type.library.dynamic";
		};
/* End PBXNativeTarget section */

/* Begin PBXProject section */
		0A59611F21DA82500059E75B /* Project object */ = {
			isa = PBXProject;
			attributes = {
				LastUpgradeCheck = 1010;
				ORGANIZATIONNAME = "James Kelly";
				TargetAttributes = {
					0A59612621DA82500059E75B = {
						CreatedOnToolsVersion = 10.1;
					};
				};
			};
			buildConfigurationList = 0A59612221DA82500059E75B /* Build configuration list for PBXProject "Reverb" */;
			compatibilityVersion = "Xcode 9.3";
			developmentRegion = en;
			hasScannedForEncodings = 0;
			knownRegions = (
				en,
			);
			mainGroup = 0A59611E21DA82500059E75B;
			productRefGroup = 0A59612821DA82500059E75B /* Products */;
			projectDirPath = "";
			projectRoot = "";
			targets = (
				0A59612621DA82500059E75B /* Reverb */,
			);
		};
/* End PBXProject section */

/* Begin PBXSourcesBuildPhase section */
		0A59612421DA82500059E75B /* Sources */ = {
			isa = PBXSourcesBuildPhase;
			buildActionMask = 2147483647;
			files = (
				0A59613421DACCA50059E75B /* Plugin.cpp in Sources */,
				0A80269321DAD3DD00E8F46D /* CutoffFilter.cpp in Sources */,
				0A59613121DA829C0059E75B /* DelayUnit.cpp in Sources */,
			);
			runOnlyForDeploymentPostprocessing = 0;
		};
/* End PBXSourcesBuildPhase section */

/* Begin XCBuildConfiguration section */
		0A59612921DA82500059E75B /* Debug */ = {
			isa = XCBuildConfiguration;
			buildSettings = {
				ALWAYS_SEARCH_USER_PATHS = NO;
				CLANG_ANALYZER_NONNULL = YES;
				CLANG_ANALYZER_NUMBER_OBJECT_CONVERSION = YES_AGGRESSIVE;
				CLANG_CXX_LANGUAGE_STANDARD = "gnu++14";
				CLANG_CXX_LIBRARY = "libc++";
				CLANG_ENABLE_MODULES = YES;
				CLANG_ENABLE_OBJC_ARC = YES;
				CLANG_ENABLE_OBJC_WEAK = YES;
				CLANG_WARN_BLOCK_CAPTURE_AUTORELEASING = YES;
				CLANG_WARN_BOOL_CONVERSION = YES;
				CLANG_WARN_COMMA = YES;
				CLANG_WARN_CONSTANT_CONVERSION = YES;
				CLANG_WARN_DEPRECATED_OBJC_IMPLEMENTATIONS = YES;
				CLANG_WARN_DIRECT_OBJC_ISA_USAGE = YES_ERROR;
				CLANG_WARN_DOCUMENTATION_COMMENTS = YES;
				CLANG_WARN_EMPTY_BODY = YES;
				CLANG_WARN_ENUM_CONVERSION = YES;
				CLANG_WARN_INFINITE_RECURSION = YES;
				CLANG_WARN_INT_CONVERSION = YES;
				CLANG_WARN_NON_LITERAL_NULL_CONVERSION = YES;
				CLANG_WARN_OBJC_IMPLICIT_RETAIN_SELF = YES;
				CLANG_WARN_OBJC_LITERAL_CONVERSION = YES;
				CLANG_WARN_OBJC_ROOT_CLASS = YES_ERROR;
				CLANG_WARN_RANGE_LOOP_ANALYSIS = YES;
				CLANG_WARN_STRICT_PROTOTYPES = YES;
				CLANG_WARN_SUSPICIOUS_MOVE = YES;
				CLANG_WARN_UNGUARDED_AVAILABILITY = YES_AGGRESSIVE;
				CLANG_WARN_UNREACHABLE_CODE = YES;
				CLANG_WARN__DUPLICATE_METHOD_MATCH = YES;
				CODE_SIGN_IDENTITY = "-";
				COPY_PHASE_STRIP = NO;
				DEBUG_INFORMATION_FORMAT = dwarf;
				ENABLE_STRICT_OBJC_MSGSEND = YES;
				ENABLE_TESTABILITY = YES;
				GCC_C_LANGUAGE_STANDARD = gnu11;
				GCC_DYNAMIC_NO_PIC = NO;
				GCC_NO_COMMON_BLOCKS = YES;
				GCC_OPTIMIZATION_LEVEL = 0;
				GCC_PREPROCESSOR_DEFINITIONS = (
					"DEBUG=1",
					"$(inherited)",
				);
				GCC_WARN_64_TO_32_BIT_CONVERSION = YES;
				GCC_WARN_ABOUT_RETURN_TYPE = YES_ERROR;
				GCC_WARN_UNDECLARED_SELECTOR = YES;
				GCC_WARN_UNINITIALIZED_AUTOS = YES_AGGRESSIVE;
				GCC_WARN_UNUSED_FUNCTION = YES;
				GCC_WARN_UNUSED_VARIABLE = YES;
				MACOSX_DEPLOYMENT_TARGET = 10.14;
				MTL_ENABLE_DEBUG_INFO = INCLUDE_SOURCE;
				MTL_FAST_MATH = YES;
				ONLY_ACTIVE_ARCH = YES;
				SDKROOT = macosx;
			};
			name = Debug;
		};
		0A59612A21DA82500059E75B /* Release */ = {
			isa = XCBuildConfiguration;
			buildSettings = {
				ALWAYS_SEARCH_USER_PATHS = NO;
				CLANG_ANALYZER_NONNULL = YES;
				CLANG_ANALYZER_NUMBER_OBJECT_CONVERSION = YES_AGGRESSIVE;
				CLANG_CXX_LANGUAGE_STANDARD = "gnu++14";
				CLANG_CXX_LIBRARY = "libc++";
				CLANG_ENABLE_MODULES = YES;
				CLANG_ENABLE_OBJC_ARC = YES;
				CLANG_ENABLE_OBJC_WEAK = YES;
				CLANG_WARN_BLOCK_CAPTURE_AUTORELEASING = YES;
				CLANG_WARN_BOOL_CONVERSION = YES;
				CLANG_WARN_COMMA = YES;
				CLANG_WARN_CONSTANT_CONVERSION = YES;
				CLANG_WARN_DEPRECATED_OBJC_IMPLEMENTATIONS = YES;
				CLANG_WARN_DIRECT_OBJC_ISA_USAGE = YES_ERROR;
				CLANG_WARN_DOCUMENTATION_COMMENTS = YES;
				CLANG_WARN_EMPTY_BODY = YES;
				CLANG_WARN_ENUM_CONVERSION = YES;
				CLANG_WARN_INFINITE_RECURSION = YES;
				CLANG_WARN_INT_CONVERSION = YES;
				CLANG_WARN_NON_LITERAL_NULL_CONVERSION = YES;
				CLANG_WARN_OBJC_IMPLICIT_RETAIN_SELF = YES;
				CLANG_WARN_OBJC_LITERAL_CONVERSION = YES;
				CLANG_WARN_OBJC_ROOT_CLASS = YES_ERROR;
				CLANG_WARN_RANGE_LOOP_ANALYSIS = YES;
				CLANG_WARN_STRICT_PROTOTYPES = YES;
				CLANG_WARN_SUSPICIOUS_MOVE = YES;
				CLANG_WARN_UNGUARDED_AVAILABILITY = YES_AGGRESSIVE;
				CLANG_WARN_UNREACHABLE_CODE = YES;
				CLANG_WARN__DUPLICATE_METHOD_MATCH = YES;
				CODE_SIGN_IDENTITY = "-";
				COPY_PHASE_STRIP = NO;
				DEBUG_INFORMATION_FORMAT = "dwarf-with-dsym";
				ENABLE_NS_ASSERTIONS = NO;
				ENABLE_STRICT_OBJC_MSGSEND = YES;
				GCC_C_LANGUAGE_STANDARD = gnu11;
				GCC_NO_COMMON_BLOCKS = YES;
				GCC_WARN_64_TO_32_BIT_CONVERSION = YES;
				GCC_WARN_ABOUT_RETURN_TYPE = YES_ERROR;
				GCC_WARN_UNDECLARED_SELECTOR = YES;
				GCC_WARN_UNINITIALIZED_AUTOS = YES_AGGRESSIVE;
				GCC_WARN_UNUSED_FUNCTION = YES;
				GCC_WARN_UNUSED_VARIABLE = YES;
				MACOSX_DEPLOYMENT_TARGET = 10.14;
				MTL_ENABLE_DEBUG_INFO = NO;
				MTL_FAST_MATH = YES;
				SDKROOT = macosx;
			};
			name = Release;
		};
		0A59612C21DA82500059E75B /* Debug */ = {
			isa = XCBuildConfiguration;
			buildSettings = {
				CODE_SIGN_STYLE = Automatic;
				DYLIB_COMPATIBILITY_VERSION = 1;
				DYLIB_CURRENT_VERSION = 1;
				HEADER_SEARCH_PATHS = "\"/Applications/FMOD/API/FMOD Programmers API 10.10.10/api/lowlevel/inc\"";
				PRODUCT_NAME = "$(TARGET_NAME)";
				SKIP_INSTALL = YES;
			};
			name = Debug;
		};
		0A59612D21DA82500059E75B /* Release */ = {
			isa = XCBuildConfiguration;
			buildSettings = {
				CODE_SIGN_STYLE = Automatic;
				DYLIB_COMPATIBILITY_VERSION = 1;
				DYLIB_CURRENT_VERSION = 1;
				HEADER_SEARCH_PATHS = "\"/Applications/FMOD/API/FMOD Programmers API 10.10.10/api/lowlevel/inc\"";
				PRODUCT_NAME = "$(TARGET_NAME)";
				SKIP_INSTALL = YES;
			};
			name = Release;
		};
/* End XCBuildConfiguration section */

/* Begin XCConfigurationList section */
		0A59612221DA82500059E75B /* Build configuration list for PBXProject "Reverb" */ = {
			isa = XCConfigurationList;
			buildConfigurations = (
				0A59612921DA82500059E75B /* Debug */,
				0A59612A21DA82500059E75B /* Release */,
			);
			defaultConfigurationIsVisible = 0;
			defaultConfigurationName = Release;
		};
		0A59612B21DA82500059E75B /* Build configuration list for PBXNativeTarget "Reverb" */ = {
			isa = XCConfigurationList;
			buildConfigurations = (
				0A59612C21DA82500059E75B /* Debug */,
				0A59612D21DA82500059E75B /* Release */,
			);
			defaultConfigurationIsVisible = 0;
			defaultConfigurationName = Release;
		};
/* End XCConfigurationList section */
	};
	rootObject = 0A59611F21DA82500059E75B /* Project object */;
}
